
Microsoft Visual Studio Solution File, Format Version 12.00
# Visual Studio Version 16
VisualStudioVersion = 16.0.28803.452
MinimumVisualStudioVersion = 10.0.40219.1
Project("{FAE04EC0-301F-11D3-BF4B-00C04F79EFBC}") = "EvaluacionFinal", "EvaluacionFinal\EvaluacionFinal.csproj", "{8057393C-FF4C-4701-91F7-981E693C0BB2}"
EndProject
Global
	GlobalSection(SolutionConfigurationPlatforms) = preSolution
		Debug|Any CPU = Debug|Any CPU
		Release|Any CPU = Release|Any CPU
	EndGlobalSection
	GlobalSection(ProjectConfigurationPlatforms) = postSolution
		{8057393C-FF4C-4701-91F7-981E693C0BB2}.Debug|Any CPU.ActiveCfg = Debug|Any CPU
		{8057393C-FF4C-4701-91F7-981E693C0BB2}.Debug|Any CPU.Build.0 = Debug|Any CPU
		{8057393C-FF4C-4701-91F7-981E693C0BB2}.Release|Any CPU.ActiveCfg = Release|Any CPU
		{8057393C-FF4C-4701-91F7-981E693C0BB2}.Release|Any CPU.Build.0 = Release|Any CPU
	EndGlobalSection
	GlobalSection(SolutionProperties) = preSolution
		HideSolutionNode = FALSE
	EndGlobalSection
	GlobalSection(ExtensibilityGlobals) = postSolution
		SolutionGuid = {CD7C0558-308B-4DE8-9243-0C92717CACF7}
	EndGlobalSection
EndGlobal
